// !$*UTF8*$!
{
	archiveVersion = 1;
	classes = {
	};
	objectVersion = 46;
	objects = {

/* Begin PBXBuildFile section */
		2F26348E1D04B75100D31C13 /* Bee.h in Headers */ = {isa = PBXBuildFile; fileRef = 2F26348D1D04B75100D31C13 /* Bee.h */; settings = {ATTRIBUTES = (Public, ); }; };
		2F2634961D04B7A600D31C13 /* BeeMo.m in Sources */ = {isa = PBXBuildFile; fileRef = 2F2634951D04B7A600D31C13 /* BeeMo.m */; };
		2F2634A21D04B99900D31C13 /* BeeMo.h in Headers */ = {isa = PBXBuildFile; fileRef = 2F2634971D04B7D100D31C13 /* BeeMo.h */; settings = {ATTRIBUTES = (Public, ); }; };
		2F2634A31D04B9DD00D31C13 /* A.framework in Frameworks */ = {isa = PBXBuildFile; fileRef = 2F26349F1D04B96C00D31C13 /* A.framework */; };
/* End PBXBuildFile section */

/* Begin PBXContainerItemProxy section */
		2F26349E1D04B96C00D31C13 /* PBXContainerItemProxy */ = {
			isa = PBXContainerItemProxy;
			containerPortal = 2F2634991D04B96C00D31C13 /* A.xcodeproj */;
			proxyType = 2;
			remoteGlobalIDString = DB824B5D1D03CF8E0072DFC8;
			remoteInfo = A;
		};
		2F2634A01D04B96C00D31C13 /* PBXContainerItemProxy */ = {
			isa = PBXContainerItemProxy;
			containerPortal = 2F2634991D04B96C00D31C13 /* A.xcodeproj */;
			proxyType = 2;
			remoteGlobalIDString = DB824B671D03CF8F0072DFC8;
			remoteInfo = ATests;
		};
/* End PBXContainerItemProxy section */

/* Begin PBXFileReference section */
		2F26348A1D04B75100D31C13 /* Bee.framework */ = {isa = PBXFileReference; explicitFileType = wrapper.framework; includeInIndex = 0; path = Bee.framework; sourceTree = BUILT_PRODUCTS_DIR; };
		2F26348D1D04B75100D31C13 /* Bee.h */ = {isa = PBXFileReference; lastKnownFileType = sourcecode.c.h; path = Bee.h; sourceTree = "<group>"; };
		2F26348F1D04B75100D31C13 /* Info.plist */ = {isa = PBXFileReference; lastKnownFileType = text.plist.xml; path = Info.plist; sourceTree = "<group>"; };
		2F2634951D04B7A600D31C13 /* BeeMo.m */ = {isa = PBXFileReference; fileEncoding = 4; lastKnownFileType = sourcecode.c.objc; path = BeeMo.m; sourceTree = "<group>"; };
		2F2634971D04B7D100D31C13 /* BeeMo.h */ = {isa = PBXFileReference; lastKnownFileType = sourcecode.c.h; path = BeeMo.h; sourceTree = "<group>"; };
		2F2634991D04B96C00D31C13 /* A.xcodeproj */ = {isa = PBXFileReference; lastKnownFileType = "wrapper.pb-project"; name = A.xcodeproj; path = A/A.xcodeproj; sourceTree = "<group>"; };
/* End PBXFileReference section */

/* Begin PBXFrameworksBuildPhase section */
		2F2634861D04B75100D31C13 /* Frameworks */ = {
			isa = PBXFrameworksBuildPhase;
			buildActionMask = 2147483647;
			files = (
				2F2634A31D04B9DD00D31C13 /* A.framework in Frameworks */,
			);
			runOnlyForDeploymentPostprocessing = 0;
		};
/* End PBXFrameworksBuildPhase section */

/* Begin PBXGroup section */
		2F2634801D04B75100D31C13 = {
			isa = PBXGroup;
			children = (
				2F2634981D04B88700D31C13 /* dependency */,
				2F26348C1D04B75100D31C13 /* Bee */,
				2F26348B1D04B75100D31C13 /* Products */,
			);
			sourceTree = "<group>";
		};
		2F26348B1D04B75100D31C13 /* Products */ = {
			isa = PBXGroup;
			children = (
				2F26348A1D04B75100D31C13 /* Bee.framework */,
			);
			name = Products;
			sourceTree = "<group>";
		};
		2F26348C1D04B75100D31C13 /* Bee */ = {
			isa = PBXGroup;
			children = (
				2F26348D1D04B75100D31C13 /* Bee.h */,
				2F2634951D04B7A600D31C13 /* BeeMo.m */,
				2F2634971D04B7D100D31C13 /* BeeMo.h */,
				2F26348F1D04B75100D31C13 /* Info.plist */,
			);
			path = Bee;
			sourceTree = "<group>";
		};
		2F2634981D04B88700D31C13 /* dependency */ = {
			isa = PBXGroup;
			children = (
				2F2634991D04B96C00D31C13 /* A.xcodeproj */,
			);
			name = dependency;
			sourceTree = "<group>";
		};
		2F26349A1D04B96C00D31C13 /* Products */ = {
			isa = PBXGroup;
			children = (
				2F26349F1D04B96C00D31C13 /* A.framework */,
				2F2634A11D04B96C00D31C13 /* ATests.xctest */,
			);
			name = Products;
			sourceTree = "<group>";
		};
/* End PBXGroup section */

/* Begin PBXHeadersBuildPhase section */
		2F2634871D04B75100D31C13 /* Headers */ = {
			isa = PBXHeadersBuildPhase;
			buildActionMask = 2147483647;
			files = (
				2F26348E1D04B75100D31C13 /* Bee.h in Headers */,
				2F2634A21D04B99900D31C13 /* BeeMo.h in Headers */,
			);
			runOnlyForDeploymentPostprocessing = 0;
		};
/* End PBXHeadersBuildPhase section */

/* Begin PBXNativeTarget section */
		2F2634891D04B75100D31C13 /* Bee */ = {
			isa = PBXNativeTarget;
			buildConfigurationList = 2F2634921D04B75100D31C13 /* Build configuration list for PBXNativeTarget "Bee" */;
			buildPhases = (
				2F2634851D04B75100D31C13 /* Sources */,
				2F2634861D04B75100D31C13 /* Frameworks */,
				2F2634871D04B75100D31C13 /* Headers */,
				2F2634881D04B75100D31C13 /* Resources */,
			);
			buildRules = (
			);
			dependencies = (
			);
			name = Bee;
			productName = Bee;
			productReference = 2F26348A1D04B75100D31C13 /* Bee.framework */;
			productType = "com.apple.product-type.framework";
		};
/* End PBXNativeTarget section */

/* Begin PBXProject section */
		2F2634811D04B75100D31C13 /* Project object */ = {
			isa = PBXProject;
			attributes = {
				LastUpgradeCheck = 0730;
				ORGANIZATIONNAME = "Derrick  Ho";
				TargetAttributes = {
					2F2634891D04B75100D31C13 = {
						CreatedOnToolsVersion = 7.3.1;
					};
				};
			};
			buildConfigurationList = 2F2634841D04B75100D31C13 /* Build configuration list for PBXProject "Bee" */;
			compatibilityVersion = "Xcode 3.2";
			developmentRegion = English;
			hasScannedForEncodings = 0;
			knownRegions = (
				en,
			);
			mainGroup = 2F2634801D04B75100D31C13;
			productRefGroup = 2F26348B1D04B75100D31C13 /* Products */;
			projectDirPath = "";
			projectReferences = (
				{
					ProductGroup = 2F26349A1D04B96C00D31C13 /* Products */;
					ProjectRef = 2F2634991D04B96C00D31C13 /* A.xcodeproj */;
				},
			);
			projectRoot = "";
			targets = (
				2F2634891D04B75100D31C13 /* Bee */,
			);
		};
/* End PBXProject section */

/* Begin PBXReferenceProxy section */
		2F26349F1D04B96C00D31C13 /* A.framework */ = {
			isa = PBXReferenceProxy;
			fileType = wrapper.framework;
			path = A.framework;
			remoteRef = 2F26349E1D04B96C00D31C13 /* PBXContainerItemProxy */;
			sourceTree = BUILT_PRODUCTS_DIR;
		};
		2F2634A11D04B96C00D31C13 /* ATests.xctest */ = {
			isa = PBXReferenceProxy;
			fileType = wrapper.cfbundle;
			path = ATests.xctest;
			remoteRef = 2F2634A01D04B96C00D31C13 /* PBXContainerItemProxy */;
			sourceTree = BUILT_PRODUCTS_DIR;
		};
/* End PBXReferenceProxy section */

/* Begin PBXResourcesBuildPhase section */
		2F2634881D04B75100D31C13 /* Resources */ = {
			isa = PBXResourcesBuildPhase;
			buildActionMask = 2147483647;
			files = (
			);
			runOnlyForDeploymentPostprocessing = 0;
		};
/* End PBXResourcesBuildPhase section */

/* Begin PBXSourcesBuildPhase section */
		2F2634851D04B75100D31C13 /* Sources */ = {
			isa = PBXSourcesBuildPhase;
			buildActionMask = 2147483647;
			files = (
				2F2634961D04B7A600D31C13 /* BeeMo.m in Sources */,
			);
			runOnlyForDeploymentPostprocessing = 0;
		};
/* End PBXSourcesBuildPhase section */

/* Begin XCBuildConfiguration section */
		2F2634901D04B75100D31C13 /* Debug */ = {
			isa = XCBuildConfiguration;
			buildSettings = {
				ALWAYS_SEARCH_USER_PATHS = NO;
				CLANG_ANALYZER_NONNULL = YES;
				CLANG_CXX_LANGUAGE_STANDARD = "gnu++0x";
				CLANG_CXX_LIBRARY = "libc++";
				CLANG_ENABLE_MODULES = YES;
				CLANG_ENABLE_OBJC_ARC = YES;
				CLANG_WARN_BOOL_CONVERSION = YES;
				CLANG_WARN_CONSTANT_CONVERSION = YES;
				CLANG_WARN_DIRECT_OBJC_ISA_USAGE = YES_ERROR;
				CLANG_WARN_EMPTY_BODY = YES;
				CLANG_WARN_ENUM_CONVERSION = YES;
				CLANG_WARN_INT_CONVERSION = YES;
				CLANG_WARN_OBJC_ROOT_CLASS = YES_ERROR;
				CLANG_WARN_UNREACHABLE_CODE = YES;
				CLANG_WARN__DUPLICATE_METHOD_MATCH = YES;
				"CODE_SIGN_IDENTITY[sdk=iphoneos*]" = "iPhone Developer";
				COPY_PHASE_STRIP = NO;
				CURRENT_PROJECT_VERSION = 1;
				DEBUG_INFORMATION_FORMAT = dwarf;
				ENABLE_STRICT_OBJC_MSGSEND = YES;
				ENABLE_TESTABILITY = YES;
				GCC_C_LANGUAGE_STANDARD = gnu99;
				GCC_DYNAMIC_NO_PIC = NO;
				GCC_NO_COMMON_BLOCKS = YES;
				GCC_OPTIMIZATION_LEVEL = 0;
				GCC_PREPROCESSOR_DEFINITIONS = (
					"DEBUG=1",
					"$(inherited)",
				);
				GCC_WARN_64_TO_32_BIT_CONVERSION = YES;
				GCC_WARN_ABOUT_RETURN_TYPE = YES_ERROR;
				GCC_WARN_UNDECLARED_SELECTOR = YES;
				GCC_WARN_UNINITIALIZED_AUTOS = YES_AGGRESSIVE;
				GCC_WARN_UNUSED_FUNCTION = YES;
				GCC_WARN_UNUSED_VARIABLE = YES;
				IPHONEOS_DEPLOYMENT_TARGET = 9.3;
				MTL_ENABLE_DEBUG_INFO = YES;
				ONLY_ACTIVE_ARCH = YES;
				SDKROOT = iphoneos;
				TARGETED_DEVICE_FAMILY = "1,2";
				VERSIONING_SYSTEM = "apple-generic";
				VERSION_INFO_PREFIX = "";
			};
			name = Debug;
		};
		2F2634911D04B75100D31C13 /* Release */ = {
			isa = XCBuildConfiguration;
			buildSettings = {
				ALWAYS_SEARCH_USER_PATHS = NO;
				CLANG_ANALYZER_NONNULL = YES;
				CLANG_CXX_LANGUAGE_STANDARD = "gnu++0x";
				CLANG_CXX_LIBRARY = "libc++";
				CLANG_ENABLE_MODULES = YES;
				CLANG_ENABLE_OBJC_ARC = YES;
				CLANG_WARN_BOOL_CONVERSION = YES;
				CLANG_WARN_CONSTANT_CONVERSION = YES;
				CLANG_WARN_DIRECT_OBJC_ISA_USAGE = YES_ERROR;
				CLANG_WARN_EMPTY_BODY = YES;
				CLANG_WARN_ENUM_CONVERSION = YES;
				CLANG_WARN_INT_CONVERSION = YES;
				CLANG_WARN_OBJC_ROOT_CLASS = YES_ERROR;
				CLANG_WARN_UNREACHABLE_CODE = YES;
				CLANG_WARN__DUPLICATE_METHOD_MATCH = YES;
				"CODE_SIGN_IDENTITY[sdk=iphoneos*]" = "iPhone Developer";
				COPY_PHASE_STRIP = NO;
				CURRENT_PROJECT_VERSION = 1;
				DEBUG_INFORMATION_FORMAT = "dwarf-with-dsym";
				ENABLE_NS_ASSERTIONS = NO;
				ENABLE_STRICT_OBJC_MSGSEND = YES;
				GCC_C_LANGUAGE_STANDARD = gnu99;
				GCC_NO_COMMON_BLOCKS = YES;
				GCC_WARN_64_TO_32_BIT_CONVERSION = YES;
				GCC_WARN_ABOUT_RETURN_TYPE = YES_ERROR;
				GCC_WARN_UNDECLARED_SELECTOR = YES;
				GCC_WARN_UNINITIALIZED_AUTOS = YES_AGGRESSIVE;
				GCC_WARN_UNUSED_FUNCTION = YES;
				GCC_WARN_UNUSED_VARIABLE = YES;
				IPHONEOS_DEPLOYMENT_TARGET = 9.3;
				MTL_ENABLE_DEBUG_INFO = NO;
				SDKROOT = iphoneos;
				TARGETED_DEVICE_FAMILY = "1,2";
				VALIDATE_PRODUCT = YES;
				VERSIONING_SYSTEM = "apple-generic";
				VERSION_INFO_PREFIX = "";
			};
			name = Release;
		};
		2F2634931D04B75100D31C13 /* Debug */ = {
			isa = XCBuildConfiguration;
			buildSettings = {
				DEFINES_MODULE = YES;
				DYLIB_COMPATIBILITY_VERSION = 1;
				DYLIB_CURRENT_VERSION = 1;
				DYLIB_INSTALL_NAME_BASE = "@rpath";
				INFOPLIST_FILE = Bee/Info.plist;
				INSTALL_PATH = "$(LOCAL_LIBRARY_DIR)/Frameworks";
				LD_RUNPATH_SEARCH_PATHS = "$(inherited) @executable_path/Frameworks @loader_path/Frameworks";
				PRODUCT_BUNDLE_IDENTIFIER = com.dnthome.Bee;
				PRODUCT_NAME = "$(TARGET_NAME)";
				SKIP_INSTALL = YES;
			};
			name = Debug;
		};
		2F2634941D04B75100D31C13 /* Release */ = {
			isa = XCBuildConfiguration;
			buildSettings = {
				DEFINES_MODULE = YES;
				DYLIB_COMPATIBILITY_VERSION = 1;
				DYLIB_CURRENT_VERSION = 1;
				DYLIB_INSTALL_NAME_BASE = "@rpath";
				INFOPLIST_FILE = Bee/Info.plist;
				INSTALL_PATH = "$(LOCAL_LIBRARY_DIR)/Frameworks";
				LD_RUNPATH_SEARCH_PATHS = "$(inherited) @executable_path/Frameworks @loader_path/Frameworks";
				PRODUCT_BUNDLE_IDENTIFIER = com.dnthome.Bee;
				PRODUCT_NAME = "$(TARGET_NAME)";
				SKIP_INSTALL = YES;
			};
			name = Release;
		};
/* End XCBuildConfiguration section */

/* Begin XCConfigurationList section */
		2F2634841D04B75100D31C13 /* Build configuration list for PBXProject "Bee" */ = {
			isa = XCConfigurationList;
			buildConfigurations = (
				2F2634901D04B75100D31C13 /* Debug */,
				2F2634911D04B75100D31C13 /* Release */,
			);
			defaultConfigurationIsVisible = 0;
			defaultConfigurationName = Release;
		};
		2F2634921D04B75100D31C13 /* Build configuration list for PBXNativeTarget "Bee" */ = {
			isa = XCConfigurationList;
			buildConfigurations = (
				2F2634931D04B75100D31C13 /* Debug */,
				2F2634941D04B75100D31C13 /* Release */,
			);
			defaultConfigurationIsVisible = 0;
		};
/* End XCConfigurationList section */
	};
	rootObject = 2F2634811D04B75100D31C13 /* Project object */;
}
